// !$*UTF8*$!
{
	archiveVersion = 1;
	classes = {
	};
	objectVersion = 50;
	objects = {

/* Begin PBXBuildFile section */
		6B39F0C42210034E00FCBF57 /* SettingsViewController.xib in Resources */ = {isa = PBXBuildFile; fileRef = 6B39F0C62210034E00FCBF57 /* SettingsViewController.xib */; };
		6B3B6C2F221012B600500496 /* Localizable.strings in Resources */ = {isa = PBXBuildFile; fileRef = 6B3B6C31221012B600500496 /* Localizable.strings */; };
		6B7AAEC021F0D3210033E0C5 /* TimerQueue.swift in Sources */ = {isa = PBXBuildFile; fileRef = 6B7AAEBF21F0D3210033E0C5 /* TimerQueue.swift */; };
		6B911C36222A2E5D001FFB77 /* TimeGoUpdater.swift in Sources */ = {isa = PBXBuildFile; fileRef = 6B911C35222A2E5D001FFB77 /* TimeGoUpdater.swift */; };
		6B9D18DB220FF9D300BB72FB /* InfoPlist.strings in Resources */ = {isa = PBXBuildFile; fileRef = 6B9D18DD220FF9D300BB72FB /* InfoPlist.strings */; };
		6BBE3B9E21E04D5500109E40 /* AppDelegate.swift in Sources */ = {isa = PBXBuildFile; fileRef = 6BBE3B9D21E04D5500109E40 /* AppDelegate.swift */; };
		6BBE3BA021E04D5700109E40 /* Assets.xcassets in Resources */ = {isa = PBXBuildFile; fileRef = 6BBE3B9F21E04D5700109E40 /* Assets.xcassets */; };
		6BBE3BA321E04D5700109E40 /* MainMenu.xib in Resources */ = {isa = PBXBuildFile; fileRef = 6BBE3BA121E04D5700109E40 /* MainMenu.xib */; };
		6BBE3BAF21E04D5700109E40 /* timeGOTests.swift in Sources */ = {isa = PBXBuildFile; fileRef = 6BBE3BAE21E04D5700109E40 /* timeGOTests.swift */; };
		6BBE3BBA21E04D5700109E40 /* timeGOUITests.swift in Sources */ = {isa = PBXBuildFile; fileRef = 6BBE3BB921E04D5700109E40 /* timeGOUITests.swift */; };
		6BBE3BC921E0577700109E40 /* TimeGOViewController.swift in Sources */ = {isa = PBXBuildFile; fileRef = 6BBE3BC721E0577700109E40 /* TimeGOViewController.swift */; };
		6BBE3BCA21E0577700109E40 /* TimeGOViewController.xib in Resources */ = {isa = PBXBuildFile; fileRef = 6BBE3BC821E0577700109E40 /* TimeGOViewController.xib */; settings = {ASSET_TAGS = (timeSelector, ); }; };
		6BBE3BD821E125A300109E40 /* PopoverMonitor.swift in Sources */ = {isa = PBXBuildFile; fileRef = 6BBE3BD721E125A300109E40 /* PopoverMonitor.swift */; };
		6BEDDAF621E26C720097CE3D /* SettingsViewController.swift in Sources */ = {isa = PBXBuildFile; fileRef = 6BEDDAF421E26C720097CE3D /* SettingsViewController.swift */; };
		6BEDDAFB21E309DA0097CE3D /* TimeGoPublic.swift in Sources */ = {isa = PBXBuildFile; fileRef = 6BEDDAFA21E309DA0097CE3D /* TimeGoPublic.swift */; };
/* End PBXBuildFile section */

/* Begin PBXContainerItemProxy section */
		6BBE3BAB21E04D5700109E40 /* PBXContainerItemProxy */ = {
			isa = PBXContainerItemProxy;
			containerPortal = 6BBE3B9221E04D5500109E40 /* Project object */;
			proxyType = 1;
			remoteGlobalIDString = 6BBE3B9921E04D5500109E40;
			remoteInfo = timeGO;
		};
		6BBE3BB621E04D5700109E40 /* PBXContainerItemProxy */ = {
			isa = PBXContainerItemProxy;
			containerPortal = 6BBE3B9221E04D5500109E40 /* Project object */;
			proxyType = 1;
			remoteGlobalIDString = 6BBE3B9921E04D5500109E40;
			remoteInfo = timeGO;
		};
/* End PBXContainerItemProxy section */

/* Begin PBXFileReference section */
		6B1C429B221FC148008E973D /* en */ = {isa = PBXFileReference; lastKnownFileType = text.plist.strings; name = en; path = en.lproj/MainMenu.strings; sourceTree = "<group>"; };
		6B39F0C52210034E00FCBF57 /* Base */ = {isa = PBXFileReference; lastKnownFileType = file.xib; name = Base; path = Base.lproj/SettingsViewController.xib; sourceTree = "<group>"; };
		6B3B6C30221012B600500496 /* en */ = {isa = PBXFileReference; lastKnownFileType = text.plist.strings; name = en; path = en.lproj/Localizable.strings; sourceTree = "<group>"; };
		6B3B6C32221012B800500496 /* zh-Hans */ = {isa = PBXFileReference; lastKnownFileType = text.plist.strings; name = "zh-Hans"; path = "zh-Hans.lproj/Localizable.strings"; sourceTree = "<group>"; };
		6B3B6C33221012B800500496 /* zh-Hant */ = {isa = PBXFileReference; lastKnownFileType = text.plist.strings; name = "zh-Hant"; path = "zh-Hant.lproj/Localizable.strings"; sourceTree = "<group>"; };
		6B3B6C35221012BA00500496 /* ja */ = {isa = PBXFileReference; lastKnownFileType = text.plist.strings; name = ja; path = ja.lproj/Localizable.strings; sourceTree = "<group>"; };
		6B3B6C36221012BB00500496 /* ko */ = {isa = PBXFileReference; lastKnownFileType = text.plist.strings; name = ko; path = ko.lproj/Localizable.strings; sourceTree = "<group>"; };
		6B3B6C3D2213E4C200500496 /* en */ = {isa = PBXFileReference; lastKnownFileType = text.plist.strings; name = en; path = en.lproj/SettingsViewController.strings; sourceTree = "<group>"; };
		6B3B6C3E2213E4C900500496 /* zh-Hans */ = {isa = PBXFileReference; lastKnownFileType = text.plist.strings; name = "zh-Hans"; path = "zh-Hans.lproj/SettingsViewController.strings"; sourceTree = "<group>"; };
		6B3B6C3F2213E4CB00500496 /* zh-Hant */ = {isa = PBXFileReference; lastKnownFileType = text.plist.strings; name = "zh-Hant"; path = "zh-Hant.lproj/SettingsViewController.strings"; sourceTree = "<group>"; };
		6B3B6C402213E4CD00500496 /* ja */ = {isa = PBXFileReference; lastKnownFileType = text.plist.strings; name = ja; path = ja.lproj/SettingsViewController.strings; sourceTree = "<group>"; };
		6B3B6C412213E4D000500496 /* ko */ = {isa = PBXFileReference; lastKnownFileType = text.plist.strings; name = ko; path = ko.lproj/SettingsViewController.strings; sourceTree = "<group>"; };
		6B7AAEBF21F0D3210033E0C5 /* TimerQueue.swift */ = {isa = PBXFileReference; lastKnownFileType = sourcecode.swift; path = TimerQueue.swift; sourceTree = "<group>"; };
		6B911C35222A2E5D001FFB77 /* TimeGoUpdater.swift */ = {isa = PBXFileReference; lastKnownFileType = sourcecode.swift; path = TimeGoUpdater.swift; sourceTree = "<group>"; };
		6B9D18D4220FF98800BB72FB /* zh-Hans */ = {isa = PBXFileReference; lastKnownFileType = text.plist.strings; name = "zh-Hans"; path = "zh-Hans.lproj/MainMenu.strings"; sourceTree = "<group>"; };
		6B9D18D5220FF99100BB72FB /* zh-Hant */ = {isa = PBXFileReference; lastKnownFileType = text.plist.strings; name = "zh-Hant"; path = "zh-Hant.lproj/MainMenu.strings"; sourceTree = "<group>"; };
		6B9D18D7220FF9AC00BB72FB /* ja */ = {isa = PBXFileReference; lastKnownFileType = text.plist.strings; name = ja; path = ja.lproj/MainMenu.strings; sourceTree = "<group>"; };
		6B9D18D8220FF9B400BB72FB /* ko */ = {isa = PBXFileReference; lastKnownFileType = text.plist.strings; name = ko; path = ko.lproj/MainMenu.strings; sourceTree = "<group>"; };
		6B9D18DC220FF9D300BB72FB /* en */ = {isa = PBXFileReference; lastKnownFileType = text.plist.strings; name = en; path = en.lproj/InfoPlist.strings; sourceTree = "<group>"; };
		6B9D18DE220FF9D600BB72FB /* zh-Hans */ = {isa = PBXFileReference; lastKnownFileType = text.plist.strings; name = "zh-Hans"; path = "zh-Hans.lproj/InfoPlist.strings"; sourceTree = "<group>"; };
		6B9D18DF220FF9D700BB72FB /* zh-Hant */ = {isa = PBXFileReference; lastKnownFileType = text.plist.strings; name = "zh-Hant"; path = "zh-Hant.lproj/InfoPlist.strings"; sourceTree = "<group>"; };
		6B9D18E1220FF9D800BB72FB /* ja */ = {isa = PBXFileReference; lastKnownFileType = text.plist.strings; name = ja; path = ja.lproj/InfoPlist.strings; sourceTree = "<group>"; };
		6B9D18E2220FF9D900BB72FB /* ko */ = {isa = PBXFileReference; lastKnownFileType = text.plist.strings; name = ko; path = ko.lproj/InfoPlist.strings; sourceTree = "<group>"; };
		6BBE3B9A21E04D5500109E40 /* timeGO.app */ = {isa = PBXFileReference; explicitFileType = wrapper.application; includeInIndex = 0; path = timeGO.app; sourceTree = BUILT_PRODUCTS_DIR; };
		6BBE3B9D21E04D5500109E40 /* AppDelegate.swift */ = {isa = PBXFileReference; lastKnownFileType = sourcecode.swift; path = AppDelegate.swift; sourceTree = "<group>"; };
		6BBE3B9F21E04D5700109E40 /* Assets.xcassets */ = {isa = PBXFileReference; lastKnownFileType = folder.assetcatalog; path = Assets.xcassets; sourceTree = "<group>"; };
		6BBE3BA221E04D5700109E40 /* Base */ = {isa = PBXFileReference; lastKnownFileType = file.xib; name = Base; path = Base.lproj/MainMenu.xib; sourceTree = "<group>"; };
		6BBE3BA421E04D5700109E40 /* Info.plist */ = {isa = PBXFileReference; lastKnownFileType = text.plist.xml; path = Info.plist; sourceTree = "<group>"; };
		6BBE3BA521E04D5700109E40 /* timeGO.entitlements */ = {isa = PBXFileReference; lastKnownFileType = text.plist.entitlements; path = timeGO.entitlements; sourceTree = "<group>"; };
		6BBE3BAA21E04D5700109E40 /* timeGOTests.xctest */ = {isa = PBXFileReference; explicitFileType = wrapper.cfbundle; includeInIndex = 0; path = timeGOTests.xctest; sourceTree = BUILT_PRODUCTS_DIR; };
		6BBE3BAE21E04D5700109E40 /* timeGOTests.swift */ = {isa = PBXFileReference; lastKnownFileType = sourcecode.swift; path = timeGOTests.swift; sourceTree = "<group>"; };
		6BBE3BB021E04D5700109E40 /* Info.plist */ = {isa = PBXFileReference; lastKnownFileType = text.plist.xml; path = Info.plist; sourceTree = "<group>"; };
		6BBE3BB521E04D5700109E40 /* timeGOUITests.xctest */ = {isa = PBXFileReference; explicitFileType = wrapper.cfbundle; includeInIndex = 0; path = timeGOUITests.xctest; sourceTree = BUILT_PRODUCTS_DIR; };
		6BBE3BB921E04D5700109E40 /* timeGOUITests.swift */ = {isa = PBXFileReference; lastKnownFileType = sourcecode.swift; path = timeGOUITests.swift; sourceTree = "<group>"; };
		6BBE3BBB21E04D5700109E40 /* Info.plist */ = {isa = PBXFileReference; lastKnownFileType = text.plist.xml; path = Info.plist; sourceTree = "<group>"; };
		6BBE3BC721E0577700109E40 /* TimeGOViewController.swift */ = {isa = PBXFileReference; lastKnownFileType = sourcecode.swift; path = TimeGOViewController.swift; sourceTree = "<group>"; };
		6BBE3BC821E0577700109E40 /* TimeGOViewController.xib */ = {isa = PBXFileReference; lastKnownFileType = file.xib; path = TimeGOViewController.xib; sourceTree = "<group>"; };
		6BBE3BD721E125A300109E40 /* PopoverMonitor.swift */ = {isa = PBXFileReference; lastKnownFileType = sourcecode.swift; path = PopoverMonitor.swift; sourceTree = "<group>"; };
		6BEDDAF421E26C720097CE3D /* SettingsViewController.swift */ = {isa = PBXFileReference; lastKnownFileType = sourcecode.swift; path = SettingsViewController.swift; sourceTree = "<group>"; };
		6BEDDAFA21E309DA0097CE3D /* TimeGoPublic.swift */ = {isa = PBXFileReference; fileEncoding = 4; lastKnownFileType = sourcecode.swift; path = TimeGoPublic.swift; sourceTree = "<group>"; };
/* End PBXFileReference section */

/* Begin PBXFrameworksBuildPhase section */
		6BBE3B9721E04D5500109E40 /* Frameworks */ = {
			isa = PBXFrameworksBuildPhase;
			buildActionMask = 2147483647;
			files = (
			);
			runOnlyForDeploymentPostprocessing = 0;
		};
		6BBE3BA721E04D5700109E40 /* Frameworks */ = {
			isa = PBXFrameworksBuildPhase;
			buildActionMask = 2147483647;
			files = (
			);
			runOnlyForDeploymentPostprocessing = 0;
		};
		6BBE3BB221E04D5700109E40 /* Frameworks */ = {
			isa = PBXFrameworksBuildPhase;
			buildActionMask = 2147483647;
			files = (
			);
			runOnlyForDeploymentPostprocessing = 0;
		};
/* End PBXFrameworksBuildPhase section */

/* Begin PBXGroup section */
		6BBE3B9121E04D5500109E40 = {
			isa = PBXGroup;
			children = (
				6BBE3B9C21E04D5500109E40 /* timeGO */,
				6BBE3BAD21E04D5700109E40 /* timeGOTests */,
				6BBE3BB821E04D5700109E40 /* timeGOUITests */,
				6BBE3B9B21E04D5500109E40 /* Products */,
			);
			sourceTree = "<group>";
		};
		6BBE3B9B21E04D5500109E40 /* Products */ = {
			isa = PBXGroup;
			children = (
				6BBE3B9A21E04D5500109E40 /* timeGO.app */,
				6BBE3BAA21E04D5700109E40 /* timeGOTests.xctest */,
				6BBE3BB521E04D5700109E40 /* timeGOUITests.xctest */,
			);
			name = Products;
			sourceTree = "<group>";
		};
		6BBE3B9C21E04D5500109E40 /* timeGO */ = {
			isa = PBXGroup;
			children = (
				6BBE3BA421E04D5700109E40 /* Info.plist */,
				6B7AAEBF21F0D3210033E0C5 /* TimerQueue.swift */,
				6BEDDAFA21E309DA0097CE3D /* TimeGoPublic.swift */,
				6B911C35222A2E5D001FFB77 /* TimeGoUpdater.swift */,
				6BBE3BD721E125A300109E40 /* PopoverMonitor.swift */,
				6BBE3B9D21E04D5500109E40 /* AppDelegate.swift */,
				6BBE3BA121E04D5700109E40 /* MainMenu.xib */,
				6BEDDAF421E26C720097CE3D /* SettingsViewController.swift */,
				6B39F0C62210034E00FCBF57 /* SettingsViewController.xib */,
				6BBE3BC721E0577700109E40 /* TimeGOViewController.swift */,
				6BBE3BC821E0577700109E40 /* TimeGOViewController.xib */,
				6B9D18DD220FF9D300BB72FB /* InfoPlist.strings */,
				6B3B6C31221012B600500496 /* Localizable.strings */,
				6BBE3B9F21E04D5700109E40 /* Assets.xcassets */,
				6BBE3BA521E04D5700109E40 /* timeGO.entitlements */,
			);
			path = timeGO;
			sourceTree = "<group>";
		};
		6BBE3BAD21E04D5700109E40 /* timeGOTests */ = {
			isa = PBXGroup;
			children = (
				6BBE3BAE21E04D5700109E40 /* timeGOTests.swift */,
				6BBE3BB021E04D5700109E40 /* Info.plist */,
			);
			path = timeGOTests;
			sourceTree = "<group>";
		};
		6BBE3BB821E04D5700109E40 /* timeGOUITests */ = {
			isa = PBXGroup;
			children = (
				6BBE3BB921E04D5700109E40 /* timeGOUITests.swift */,
				6BBE3BBB21E04D5700109E40 /* Info.plist */,
			);
			path = timeGOUITests;
			sourceTree = "<group>";
		};
/* End PBXGroup section */

/* Begin PBXNativeTarget section */
		6BBE3B9921E04D5500109E40 /* timeGO */ = {
			isa = PBXNativeTarget;
			buildConfigurationList = 6BBE3BBE21E04D5700109E40 /* Build configuration list for PBXNativeTarget "timeGO" */;
			buildPhases = (
				6B1C429C221FCDDF008E973D /* bartycrouch */,
				6BBE3B9621E04D5500109E40 /* Sources */,
				6BBE3B9721E04D5500109E40 /* Frameworks */,
				6BBE3B9821E04D5500109E40 /* Resources */,
			);
			buildRules = (
			);
			dependencies = (
			);
			name = timeGO;
			productName = timeGO;
			productReference = 6BBE3B9A21E04D5500109E40 /* timeGO.app */;
			productType = "com.apple.product-type.application";
		};
		6BBE3BA921E04D5700109E40 /* timeGOTests */ = {
			isa = PBXNativeTarget;
			buildConfigurationList = 6BBE3BC121E04D5700109E40 /* Build configuration list for PBXNativeTarget "timeGOTests" */;
			buildPhases = (
				6BBE3BA621E04D5700109E40 /* Sources */,
				6BBE3BA721E04D5700109E40 /* Frameworks */,
				6BBE3BA821E04D5700109E40 /* Resources */,
			);
			buildRules = (
			);
			dependencies = (
				6BBE3BAC21E04D5700109E40 /* PBXTargetDependency */,
			);
			name = timeGOTests;
			productName = timeGOTests;
			productReference = 6BBE3BAA21E04D5700109E40 /* timeGOTests.xctest */;
			productType = "com.apple.product-type.bundle.unit-test";
		};
		6BBE3BB421E04D5700109E40 /* timeGOUITests */ = {
			isa = PBXNativeTarget;
			buildConfigurationList = 6BBE3BC421E04D5700109E40 /* Build configuration list for PBXNativeTarget "timeGOUITests" */;
			buildPhases = (
				6BBE3BB121E04D5700109E40 /* Sources */,
				6BBE3BB221E04D5700109E40 /* Frameworks */,
				6BBE3BB321E04D5700109E40 /* Resources */,
			);
			buildRules = (
			);
			dependencies = (
				6BBE3BB721E04D5700109E40 /* PBXTargetDependency */,
			);
			name = timeGOUITests;
			productName = timeGOUITests;
			productReference = 6BBE3BB521E04D5700109E40 /* timeGOUITests.xctest */;
			productType = "com.apple.product-type.bundle.ui-testing";
		};
/* End PBXNativeTarget section */

/* Begin PBXProject section */
		6BBE3B9221E04D5500109E40 /* Project object */ = {
			isa = PBXProject;
			attributes = {
				KnownAssetTags = (
					timeSelector,
				);
				LastSwiftUpdateCheck = 1010;
				LastUpgradeCheck = 1100;
				ORGANIZATIONNAME = 5km;
				TargetAttributes = {
					6BBE3B9921E04D5500109E40 = {
						CreatedOnToolsVersion = 10.1;
						LastSwiftMigration = 1020;
						SystemCapabilities = {
							com.apple.Sandbox = {
								enabled = 1;
							};
						};
					};
					6BBE3BA921E04D5700109E40 = {
						CreatedOnToolsVersion = 10.1;
						LastSwiftMigration = 1020;
						TestTargetID = 6BBE3B9921E04D5500109E40;
					};
					6BBE3BB421E04D5700109E40 = {
						CreatedOnToolsVersion = 10.1;
						LastSwiftMigration = 1020;
						TestTargetID = 6BBE3B9921E04D5500109E40;
					};
				};
			};
			buildConfigurationList = 6BBE3B9521E04D5500109E40 /* Build configuration list for PBXProject "timeGO" */;
			compatibilityVersion = "Xcode 9.3";
			developmentRegion = en;
			hasScannedForEncodings = 0;
			knownRegions = (
				en,
				Base,
				"zh-Hans",
				"zh-Hant",
				ja,
				ko,
			);
			mainGroup = 6BBE3B9121E04D5500109E40;
			productRefGroup = 6BBE3B9B21E04D5500109E40 /* Products */;
			projectDirPath = "";
			projectRoot = "";
			targets = (
				6BBE3B9921E04D5500109E40 /* timeGO */,
				6BBE3BA921E04D5700109E40 /* timeGOTests */,
				6BBE3BB421E04D5700109E40 /* timeGOUITests */,
			);
		};
/* End PBXProject section */

/* Begin PBXResourcesBuildPhase section */
		6BBE3B9821E04D5500109E40 /* Resources */ = {
			isa = PBXResourcesBuildPhase;
			buildActionMask = 2147483647;
			files = (
				6BBE3BA021E04D5700109E40 /* Assets.xcassets in Resources */,
				6B9D18DB220FF9D300BB72FB /* InfoPlist.strings in Resources */,
				6B3B6C2F221012B600500496 /* Localizable.strings in Resources */,
				6BBE3BA321E04D5700109E40 /* MainMenu.xib in Resources */,
				6BBE3BCA21E0577700109E40 /* TimeGOViewController.xib in Resources */,
				6B39F0C42210034E00FCBF57 /* SettingsViewController.xib in Resources */,
			);
			runOnlyForDeploymentPostprocessing = 0;
		};
		6BBE3BA821E04D5700109E40 /* Resources */ = {
			isa = PBXResourcesBuildPhase;
			buildActionMask = 2147483647;
			files = (
			);
			runOnlyForDeploymentPostprocessing = 0;
		};
		6BBE3BB321E04D5700109E40 /* Resources */ = {
			isa = PBXResourcesBuildPhase;
			buildActionMask = 2147483647;
			files = (
			);
			runOnlyForDeploymentPostprocessing = 0;
		};
/* End PBXResourcesBuildPhase section */

/* Begin PBXShellScriptBuildPhase section */
		6B1C429C221FCDDF008E973D /* bartycrouch */ = {
			isa = PBXShellScriptBuildPhase;
			buildActionMask = 2147483647;
			files = (
			);
			inputFileListPaths = (
			);
			inputPaths = (
			);
			name = bartycrouch;
			outputFileListPaths = (
			);
			outputPaths = (
			);
			runOnlyForDeploymentPostprocessing = 0;
			shellPath = /bin/sh;
			shellScript = "# Type a script or drag a script file from your workspace to insert its path.\nif which bartycrouch > /dev/null; then\n    bartycrouch update -x\n    bartycrouch lint -x\nelse\necho \"warning: BartyCrouch not installed, download it from https://github.com/Flinesoft/BartyCrouch\"\nfi\n";
		};
/* End PBXShellScriptBuildPhase section */

/* Begin PBXSourcesBuildPhase section */
		6BBE3B9621E04D5500109E40 /* Sources */ = {
			isa = PBXSourcesBuildPhase;
			buildActionMask = 2147483647;
			files = (
				6BEDDAFB21E309DA0097CE3D /* TimeGoPublic.swift in Sources */,
				6BBE3B9E21E04D5500109E40 /* AppDelegate.swift in Sources */,
				6B7AAEC021F0D3210033E0C5 /* TimerQueue.swift in Sources */,
				6B911C36222A2E5D001FFB77 /* TimeGoUpdater.swift in Sources */,
				6BBE3BD821E125A300109E40 /* PopoverMonitor.swift in Sources */,
				6BBE3BC921E0577700109E40 /* TimeGOViewController.swift in Sources */,
				6BEDDAF621E26C720097CE3D /* SettingsViewController.swift in Sources */,
			);
			runOnlyForDeploymentPostprocessing = 0;
		};
		6BBE3BA621E04D5700109E40 /* Sources */ = {
			isa = PBXSourcesBuildPhase;
			buildActionMask = 2147483647;
			files = (
				6BBE3BAF21E04D5700109E40 /* timeGOTests.swift in Sources */,
			);
			runOnlyForDeploymentPostprocessing = 0;
		};
		6BBE3BB121E04D5700109E40 /* Sources */ = {
			isa = PBXSourcesBuildPhase;
			buildActionMask = 2147483647;
			files = (
				6BBE3BBA21E04D5700109E40 /* timeGOUITests.swift in Sources */,
			);
			runOnlyForDeploymentPostprocessing = 0;
		};
/* End PBXSourcesBuildPhase section */

/* Begin PBXTargetDependency section */
		6BBE3BAC21E04D5700109E40 /* PBXTargetDependency */ = {
			isa = PBXTargetDependency;
			target = 6BBE3B9921E04D5500109E40 /* timeGO */;
			targetProxy = 6BBE3BAB21E04D5700109E40 /* PBXContainerItemProxy */;
		};
		6BBE3BB721E04D5700109E40 /* PBXTargetDependency */ = {
			isa = PBXTargetDependency;
			target = 6BBE3B9921E04D5500109E40 /* timeGO */;
			targetProxy = 6BBE3BB621E04D5700109E40 /* PBXContainerItemProxy */;
		};
/* End PBXTargetDependency section */

/* Begin PBXVariantGroup section */
		6B39F0C62210034E00FCBF57 /* SettingsViewController.xib */ = {
			isa = PBXVariantGroup;
			children = (
				6B39F0C52210034E00FCBF57 /* Base */,
				6B3B6C3D2213E4C200500496 /* en */,
				6B3B6C3E2213E4C900500496 /* zh-Hans */,
				6B3B6C3F2213E4CB00500496 /* zh-Hant */,
				6B3B6C402213E4CD00500496 /* ja */,
				6B3B6C412213E4D000500496 /* ko */,
			);
			name = SettingsViewController.xib;
			sourceTree = "<group>";
		};
		6B3B6C31221012B600500496 /* Localizable.strings */ = {
			isa = PBXVariantGroup;
			children = (
				6B3B6C30221012B600500496 /* en */,
				6B3B6C32221012B800500496 /* zh-Hans */,
				6B3B6C33221012B800500496 /* zh-Hant */,
				6B3B6C35221012BA00500496 /* ja */,
				6B3B6C36221012BB00500496 /* ko */,
			);
			name = Localizable.strings;
			sourceTree = "<group>";
		};
		6B9D18DD220FF9D300BB72FB /* InfoPlist.strings */ = {
			isa = PBXVariantGroup;
			children = (
				6B9D18DC220FF9D300BB72FB /* en */,
				6B9D18DE220FF9D600BB72FB /* zh-Hans */,
				6B9D18DF220FF9D700BB72FB /* zh-Hant */,
				6B9D18E1220FF9D800BB72FB /* ja */,
				6B9D18E2220FF9D900BB72FB /* ko */,
			);
			name = InfoPlist.strings;
			sourceTree = "<group>";
		};
		6BBE3BA121E04D5700109E40 /* MainMenu.xib */ = {
			isa = PBXVariantGroup;
			children = (
				6BBE3BA221E04D5700109E40 /* Base */,
				6B9D18D4220FF98800BB72FB /* zh-Hans */,
				6B9D18D5220FF99100BB72FB /* zh-Hant */,
				6B9D18D7220FF9AC00BB72FB /* ja */,
				6B9D18D8220FF9B400BB72FB /* ko */,
				6B1C429B221FC148008E973D /* en */,
			);
			name = MainMenu.xib;
			sourceTree = "<group>";
		};
/* End PBXVariantGroup section */

/* Begin XCBuildConfiguration section */
		6BBE3BBC21E04D5700109E40 /* Debug */ = {
			isa = XCBuildConfiguration;
			buildSettings = {
				ALWAYS_SEARCH_USER_PATHS = NO;
				CLANG_ANALYZER_LOCALIZABILITY_NONLOCALIZED = YES;
				CLANG_ANALYZER_NONNULL = YES;
				CLANG_ANALYZER_NUMBER_OBJECT_CONVERSION = YES_AGGRESSIVE;
				CLANG_CXX_LANGUAGE_STANDARD = "gnu++14";
				CLANG_CXX_LIBRARY = "libc++";
				CLANG_ENABLE_MODULES = YES;
				CLANG_ENABLE_OBJC_ARC = YES;
				CLANG_ENABLE_OBJC_WEAK = YES;
				CLANG_WARN_BLOCK_CAPTURE_AUTORELEASING = YES;
				CLANG_WARN_BOOL_CONVERSION = YES;
				CLANG_WARN_COMMA = YES;
				CLANG_WARN_CONSTANT_CONVERSION = YES;
				CLANG_WARN_DEPRECATED_OBJC_IMPLEMENTATIONS = YES;
				CLANG_WARN_DIRECT_OBJC_ISA_USAGE = YES_ERROR;
				CLANG_WARN_DOCUMENTATION_COMMENTS = YES;
				CLANG_WARN_EMPTY_BODY = YES;
				CLANG_WARN_ENUM_CONVERSION = YES;
				CLANG_WARN_INFINITE_RECURSION = YES;
				CLANG_WARN_INT_CONVERSION = YES;
				CLANG_WARN_NON_LITERAL_NULL_CONVERSION = YES;
				CLANG_WARN_OBJC_IMPLICIT_RETAIN_SELF = YES;
				CLANG_WARN_OBJC_LITERAL_CONVERSION = YES;
				CLANG_WARN_OBJC_ROOT_CLASS = YES_ERROR;
				CLANG_WARN_RANGE_LOOP_ANALYSIS = YES;
				CLANG_WARN_STRICT_PROTOTYPES = YES;
				CLANG_WARN_SUSPICIOUS_MOVE = YES;
				CLANG_WARN_UNGUARDED_AVAILABILITY = YES_AGGRESSIVE;
				CLANG_WARN_UNREACHABLE_CODE = YES;
				CLANG_WARN__DUPLICATE_METHOD_MATCH = YES;
				CODE_SIGN_IDENTITY = "-";
				COPY_PHASE_STRIP = NO;
				DEBUG_INFORMATION_FORMAT = dwarf;
				ENABLE_STRICT_OBJC_MSGSEND = YES;
				ENABLE_TESTABILITY = YES;
				GCC_C_LANGUAGE_STANDARD = gnu11;
				GCC_DYNAMIC_NO_PIC = NO;
				GCC_NO_COMMON_BLOCKS = YES;
				GCC_OPTIMIZATION_LEVEL = 0;
				GCC_PREPROCESSOR_DEFINITIONS = (
					"DEBUG=1",
					"$(inherited)",
				);
				GCC_WARN_64_TO_32_BIT_CONVERSION = YES;
				GCC_WARN_ABOUT_RETURN_TYPE = YES_ERROR;
				GCC_WARN_UNDECLARED_SELECTOR = YES;
				GCC_WARN_UNINITIALIZED_AUTOS = YES_AGGRESSIVE;
				GCC_WARN_UNUSED_FUNCTION = YES;
				GCC_WARN_UNUSED_VARIABLE = YES;
				MACOSX_DEPLOYMENT_TARGET = 10.14;
				MTL_ENABLE_DEBUG_INFO = INCLUDE_SOURCE;
				MTL_FAST_MATH = YES;
				ONLY_ACTIVE_ARCH = YES;
				SDKROOT = macosx;
				SWIFT_ACTIVE_COMPILATION_CONDITIONS = DEBUG;
				SWIFT_OPTIMIZATION_LEVEL = "-Onone";
			};
			name = Debug;
		};
		6BBE3BBD21E04D5700109E40 /* Release */ = {
			isa = XCBuildConfiguration;
			buildSettings = {
				ALWAYS_SEARCH_USER_PATHS = NO;
				CLANG_ANALYZER_LOCALIZABILITY_NONLOCALIZED = YES;
				CLANG_ANALYZER_NONNULL = YES;
				CLANG_ANALYZER_NUMBER_OBJECT_CONVERSION = YES_AGGRESSIVE;
				CLANG_CXX_LANGUAGE_STANDARD = "gnu++14";
				CLANG_CXX_LIBRARY = "libc++";
				CLANG_ENABLE_MODULES = YES;
				CLANG_ENABLE_OBJC_ARC = YES;
				CLANG_ENABLE_OBJC_WEAK = YES;
				CLANG_WARN_BLOCK_CAPTURE_AUTORELEASING = YES;
				CLANG_WARN_BOOL_CONVERSION = YES;
				CLANG_WARN_COMMA = YES;
				CLANG_WARN_CONSTANT_CONVERSION = YES;
				CLANG_WARN_DEPRECATED_OBJC_IMPLEMENTATIONS = YES;
				CLANG_WARN_DIRECT_OBJC_ISA_USAGE = YES_ERROR;
				CLANG_WARN_DOCUMENTATION_COMMENTS = YES;
				CLANG_WARN_EMPTY_BODY = YES;
				CLANG_WARN_ENUM_CONVERSION = YES;
				CLANG_WARN_INFINITE_RECURSION = YES;
				CLANG_WARN_INT_CONVERSION = YES;
				CLANG_WARN_NON_LITERAL_NULL_CONVERSION = YES;
				CLANG_WARN_OBJC_IMPLICIT_RETAIN_SELF = YES;
				CLANG_WARN_OBJC_LITERAL_CONVERSION = YES;
				CLANG_WARN_OBJC_ROOT_CLASS = YES_ERROR;
				CLANG_WARN_RANGE_LOOP_ANALYSIS = YES;
				CLANG_WARN_STRICT_PROTOTYPES = YES;
				CLANG_WARN_SUSPICIOUS_MOVE = YES;
				CLANG_WARN_UNGUARDED_AVAILABILITY = YES_AGGRESSIVE;
				CLANG_WARN_UNREACHABLE_CODE = YES;
				CLANG_WARN__DUPLICATE_METHOD_MATCH = YES;
				CODE_SIGN_IDENTITY = "-";
				COPY_PHASE_STRIP = NO;
				DEBUG_INFORMATION_FORMAT = "dwarf-with-dsym";
				ENABLE_NS_ASSERTIONS = NO;
				ENABLE_STRICT_OBJC_MSGSEND = YES;
				GCC_C_LANGUAGE_STANDARD = gnu11;
				GCC_NO_COMMON_BLOCKS = YES;
				GCC_WARN_64_TO_32_BIT_CONVERSION = YES;
				GCC_WARN_ABOUT_RETURN_TYPE = YES_ERROR;
				GCC_WARN_UNDECLARED_SELECTOR = YES;
				GCC_WARN_UNINITIALIZED_AUTOS = YES_AGGRESSIVE;
				GCC_WARN_UNUSED_FUNCTION = YES;
				GCC_WARN_UNUSED_VARIABLE = YES;
				MACOSX_DEPLOYMENT_TARGET = 10.14;
				MTL_ENABLE_DEBUG_INFO = NO;
				MTL_FAST_MATH = YES;
				SDKROOT = macosx;
				SWIFT_COMPILATION_MODE = wholemodule;
				SWIFT_OPTIMIZATION_LEVEL = "-O";
			};
			name = Release;
		};
		6BBE3BBF21E04D5700109E40 /* Debug */ = {
			isa = XCBuildConfiguration;
			buildSettings = {
				ASSETCATALOG_COMPILER_APPICON_NAME = AppIcon;
				CODE_SIGN_ENTITLEMENTS = timeGO/timeGO.entitlements;
				CODE_SIGN_IDENTITY = "Mac Developer";
				CODE_SIGN_STYLE = Automatic;
				COMBINE_HIDPI_IMAGES = YES;
				CURRENT_PROJECT_VERSION = 1;
				DEVELOPMENT_TEAM = SS9NT29VA7;
				ENABLE_HARDENED_RUNTIME = YES;
				INFOPLIST_FILE = timeGO/Info.plist;
				LD_RUNPATH_SEARCH_PATHS = (
					"$(inherited)",
					"@executable_path/../Frameworks",
				);
				MACOSX_DEPLOYMENT_TARGET = 10.14;
				MARKETING_VERSION = 1.0;
				PRODUCT_BUNDLE_IDENTIFIER = top.smslit.timeGO;
				PRODUCT_NAME = "$(TARGET_NAME)";
				PROVISIONING_PROFILE_SPECIFIER = "";
				SWIFT_VERSION = 5.0;
			};
			name = Debug;
		};
		6BBE3BC021E04D5700109E40 /* Release */ = {
			isa = XCBuildConfiguration;
			buildSettings = {
				ASSETCATALOG_COMPILER_APPICON_NAME = AppIcon;
				CODE_SIGN_ENTITLEMENTS = timeGO/timeGO.entitlements;
				CODE_SIGN_IDENTITY = "Mac Developer";
				CODE_SIGN_STYLE = Automatic;
				COMBINE_HIDPI_IMAGES = YES;
				CURRENT_PROJECT_VERSION = 1;
				DEVELOPMENT_TEAM = SS9NT29VA7;
				ENABLE_HARDENED_RUNTIME = YES;
				INFOPLIST_FILE = timeGO/Info.plist;
				LD_RUNPATH_SEARCH_PATHS = (
					"$(inherited)",
					"@executable_path/../Frameworks",
				);
				MACOSX_DEPLOYMENT_TARGET = 10.14;
				MARKETING_VERSION = 1.0;
				PRODUCT_BUNDLE_IDENTIFIER = top.smslit.timeGO;
				PRODUCT_NAME = "$(TARGET_NAME)";
				PROVISIONING_PROFILE_SPECIFIER = "";
				SWIFT_VERSION = 5.0;
			};
			name = Release;
		};
		6BBE3BC221E04D5700109E40 /* Debug */ = {
			isa = XCBuildConfiguration;
			buildSettings = {
				ALWAYS_EMBED_SWIFT_STANDARD_LIBRARIES = YES;
				BUNDLE_LOADER = "$(TEST_HOST)";
				CODE_SIGN_STYLE = Automatic;
				COMBINE_HIDPI_IMAGES = YES;
				INFOPLIST_FILE = timeGOTests/Info.plist;
				LD_RUNPATH_SEARCH_PATHS = (
					"$(inherited)",
					"@executable_path/../Frameworks",
					"@loader_path/../Frameworks",
				);
				PRODUCT_BUNDLE_IDENTIFIER = top.smslit.timeGOTests;
				PRODUCT_NAME = "$(TARGET_NAME)";
				SWIFT_VERSION = 5.0;
				TEST_HOST = "$(BUILT_PRODUCTS_DIR)/timeGO.app/Contents/MacOS/timeGO";
			};
			name = Debug;
		};
		6BBE3BC321E04D5700109E40 /* Release */ = {
			isa = XCBuildConfiguration;
			buildSettings = {
				ALWAYS_EMBED_SWIFT_STANDARD_LIBRARIES = YES;
				BUNDLE_LOADER = "$(TEST_HOST)";
				CODE_SIGN_STYLE = Automatic;
				COMBINE_HIDPI_IMAGES = YES;
				INFOPLIST_FILE = timeGOTests/Info.plist;
				LD_RUNPATH_SEARCH_PATHS = (
					"$(inherited)",
					"@executable_path/../Frameworks",
					"@loader_path/../Frameworks",
				);
				PRODUCT_BUNDLE_IDENTIFIER = top.smslit.timeGOTests;
				PRODUCT_NAME = "$(TARGET_NAME)";
				SWIFT_VERSION = 5.0;
				TEST_HOST = "$(BUILT_PRODUCTS_DIR)/timeGO.app/Contents/MacOS/timeGO";
			};
			name = Release;
		};
		6BBE3BC521E04D5700109E40 /* Debug */ = {
			isa = XCBuildConfiguration;
			buildSettings = {
				ALWAYS_EMBED_SWIFT_STANDARD_LIBRARIES = YES;
				CODE_SIGN_STYLE = Automatic;
				COMBINE_HIDPI_IMAGES = YES;
				INFOPLIST_FILE = timeGOUITests/Info.plist;
				LD_RUNPATH_SEARCH_PATHS = (
					"$(inherited)",
					"@executable_path/../Frameworks",
					"@loader_path/../Frameworks",
				);
				PRODUCT_BUNDLE_IDENTIFIER = top.smslit.timeGOUITests;
				PRODUCT_NAME = "$(TARGET_NAME)";
				SWIFT_VERSION = 5.0;
				TEST_TARGET_NAME = timeGO;
			};
			name = Debug;
		};
		6BBE3BC621E04D5700109E40 /* Release */ = {
			isa = XCBuildConfiguration;
			buildSettings = {
				ALWAYS_EMBED_SWIFT_STANDARD_LIBRARIES = YES;
				CODE_SIGN_STYLE = Automatic;
				COMBINE_HIDPI_IMAGES = YES;
				INFOPLIST_FILE = timeGOUITests/Info.plist;
				LD_RUNPATH_SEARCH_PATHS = (
					"$(inherited)",
					"@executable_path/../Frameworks",
					"@loader_path/../Frameworks",
				);
				PRODUCT_BUNDLE_IDENTIFIER = top.smslit.timeGOUITests;
				PRODUCT_NAME = "$(TARGET_NAME)";
				SWIFT_VERSION = 5.0;
				TEST_TARGET_NAME = timeGO;
			};
			name = Release;
		};
/* End XCBuildConfiguration section */

/* Begin XCConfigurationList section */
		6BBE3B9521E04D5500109E40 /* Build configuration list for PBXProject "timeGO" */ = {
			isa = XCConfigurationList;
			buildConfigurations = (
				6BBE3BBC21E04D5700109E40 /* Debug */,
				6BBE3BBD21E04D5700109E40 /* Release */,
			);
			defaultConfigurationIsVisible = 0;
			defaultConfigurationName = Release;
		};
		6BBE3BBE21E04D5700109E40 /* Build configuration list for PBXNativeTarget "timeGO" */ = {
			isa = XCConfigurationList;
			buildConfigurations = (
				6BBE3BBF21E04D5700109E40 /* Debug */,
				6BBE3BC021E04D5700109E40 /* Release */,
			);
			defaultConfigurationIsVisible = 0;
			defaultConfigurationName = Release;
		};
		6BBE3BC121E04D5700109E40 /* Build configuration list for PBXNativeTarget "timeGOTests" */ = {
			isa = XCConfigurationList;
			buildConfigurations = (
				6BBE3BC221E04D5700109E40 /* Debug */,
				6BBE3BC321E04D5700109E40 /* Release */,
			);
			defaultConfigurationIsVisible = 0;
			defaultConfigurationName = Release;
		};
		6BBE3BC421E04D5700109E40 /* Build configuration list for PBXNativeTarget "timeGOUITests" */ = {
			isa = XCConfigurationList;
			buildConfigurations = (
				6BBE3BC521E04D5700109E40 /* Debug */,
				6BBE3BC621E04D5700109E40 /* Release */,
			);
			defaultConfigurationIsVisible = 0;
			defaultConfigurationName = Release;
		};
/* End XCConfigurationList section */
	};
	rootObject = 6BBE3B9221E04D5500109E40 /* Project object */;
}
